// !$*UTF8*$!
{
	archiveVersion = 1;
	classes = {
	};
	objectVersion = 50;
	objects = {

/* Begin PBXBuildFile section */
		5B87A45724A1B7D900626DCC /* AppDelegate.swift in Sources */ = {isa = PBXBuildFile; fileRef = 5B87A45624A1B7D900626DCC /* AppDelegate.swift */; };
		5B87A45924A1B7D900626DCC /* SceneDelegate.swift in Sources */ = {isa = PBXBuildFile; fileRef = 5B87A45824A1B7D900626DCC /* SceneDelegate.swift */; };
		5B87A45B24A1B7D900626DCC /* ContentView.swift in Sources */ = {isa = PBXBuildFile; fileRef = 5B87A45A24A1B7D900626DCC /* ContentView.swift */; };
		5B87A45D24A1B7DB00626DCC /* Assets.xcassets in Resources */ = {isa = PBXBuildFile; fileRef = 5B87A45C24A1B7DB00626DCC /* Assets.xcassets */; };
		5B87A46024A1B7DB00626DCC /* Preview Assets.xcassets in Resources */ = {isa = PBXBuildFile; fileRef = 5B87A45F24A1B7DB00626DCC /* Preview Assets.xcassets */; };
		5B87A46324A1B7DB00626DCC /* LaunchScreen.storyboard in Resources */ = {isa = PBXBuildFile; fileRef = 5B87A46124A1B7DB00626DCC /* LaunchScreen.storyboard */; };
		5BEA0D4B24A42AE600308D1B /* CurvasView.swift in Sources */ = {isa = PBXBuildFile; fileRef = 5BEA0D4A24A42AE600308D1B /* CurvasView.swift */; };
		5BEA0D4D24A4363800308D1B /* PieView.swift in Sources */ = {isa = PBXBuildFile; fileRef = 5BEA0D4C24A4363800308D1B /* PieView.swift */; };
		5BEA0D4F24A45E5400308D1B /* ProgressIndicator.swift in Sources */ = {isa = PBXBuildFile; fileRef = 5BEA0D4E24A45E5400308D1B /* ProgressIndicator.swift */; };
		5BEA0D5124A4654E00308D1B /* DougnutView.swift in Sources */ = {isa = PBXBuildFile; fileRef = 5BEA0D5024A4654E00308D1B /* DougnutView.swift */; };
/* End PBXBuildFile section */

/* Begin PBXFileReference section */
		5B87A45324A1B7D900626DCC /* 7_draw.app */ = {isa = PBXFileReference; explicitFileType = wrapper.application; includeInIndex = 0; path = 7_draw.app; sourceTree = BUILT_PRODUCTS_DIR; };
		5B87A45624A1B7D900626DCC /* AppDelegate.swift */ = {isa = PBXFileReference; lastKnownFileType = sourcecode.swift; path = AppDelegate.swift; sourceTree = "<group>"; };
		5B87A45824A1B7D900626DCC /* SceneDelegate.swift */ = {isa = PBXFileReference; lastKnownFileType = sourcecode.swift; path = SceneDelegate.swift; sourceTree = "<group>"; };
		5B87A45A24A1B7D900626DCC /* ContentView.swift */ = {isa = PBXFileReference; lastKnownFileType = sourcecode.swift; path = ContentView.swift; sourceTree = "<group>"; };
		5B87A45C24A1B7DB00626DCC /* Assets.xcassets */ = {isa = PBXFileReference; lastKnownFileType = folder.assetcatalog; path = Assets.xcassets; sourceTree = "<group>"; };
		5B87A45F24A1B7DB00626DCC /* Preview Assets.xcassets */ = {isa = PBXFileReference; lastKnownFileType = folder.assetcatalog; path = "Preview Assets.xcassets"; sourceTree = "<group>"; };
		5B87A46224A1B7DB00626DCC /* Base */ = {isa = PBXFileReference; lastKnownFileType = file.storyboard; name = Base; path = Base.lproj/LaunchScreen.storyboard; sourceTree = "<group>"; };
		5B87A46424A1B7DB00626DCC /* Info.plist */ = {isa = PBXFileReference; lastKnownFileType = text.plist.xml; path = Info.plist; sourceTree = "<group>"; };
		5BEA0D4A24A42AE600308D1B /* CurvasView.swift */ = {isa = PBXFileReference; lastKnownFileType = sourcecode.swift; path = CurvasView.swift; sourceTree = "<group>"; };
		5BEA0D4C24A4363800308D1B /* PieView.swift */ = {isa = PBXFileReference; lastKnownFileType = sourcecode.swift; path = PieView.swift; sourceTree = "<group>"; };
		5BEA0D4E24A45E5400308D1B /* ProgressIndicator.swift */ = {isa = PBXFileReference; lastKnownFileType = sourcecode.swift; path = ProgressIndicator.swift; sourceTree = "<group>"; };
		5BEA0D5024A4654E00308D1B /* DougnutView.swift */ = {isa = PBXFileReference; lastKnownFileType = sourcecode.swift; path = DougnutView.swift; sourceTree = "<group>"; };
/* End PBXFileReference section */

/* Begin PBXFrameworksBuildPhase section */
		5B87A45024A1B7D900626DCC /* Frameworks */ = {
			isa = PBXFrameworksBuildPhase;
			buildActionMask = 2147483647;
			files = (
			);
			runOnlyForDeploymentPostprocessing = 0;
		};
/* End PBXFrameworksBuildPhase section */

/* Begin PBXGroup section */
		5B87A44A24A1B7D900626DCC = {
			isa = PBXGroup;
			children = (
				5B87A45524A1B7D900626DCC /* 7_draw */,
				5B87A45424A1B7D900626DCC /* Products */,
			);
			sourceTree = "<group>";
		};
		5B87A45424A1B7D900626DCC /* Products */ = {
			isa = PBXGroup;
			children = (
				5B87A45324A1B7D900626DCC /* 7_draw.app */,
			);
			name = Products;
			sourceTree = "<group>";
		};
		5B87A45524A1B7D900626DCC /* 7_draw */ = {
			isa = PBXGroup;
			children = (
				5B87A45624A1B7D900626DCC /* AppDelegate.swift */,
				5B87A45824A1B7D900626DCC /* SceneDelegate.swift */,
				5B87A45A24A1B7D900626DCC /* ContentView.swift */,
				5BEA0D4A24A42AE600308D1B /* CurvasView.swift */,
				5BEA0D4C24A4363800308D1B /* PieView.swift */,
				5BEA0D4E24A45E5400308D1B /* ProgressIndicator.swift */,
				5BEA0D5024A4654E00308D1B /* DougnutView.swift */,
				5B87A45C24A1B7DB00626DCC /* Assets.xcassets */,
				5B87A46124A1B7DB00626DCC /* LaunchScreen.storyboard */,
				5B87A46424A1B7DB00626DCC /* Info.plist */,
				5B87A45E24A1B7DB00626DCC /* Preview Content */,
			);
			path = 7_draw;
			sourceTree = "<group>";
		};
		5B87A45E24A1B7DB00626DCC /* Preview Content */ = {
			isa = PBXGroup;
			children = (
				5B87A45F24A1B7DB00626DCC /* Preview Assets.xcassets */,
			);
			path = "Preview Content";
			sourceTree = "<group>";
		};
/* End PBXGroup section */

/* Begin PBXNativeTarget section */
		5B87A45224A1B7D900626DCC /* 7_draw */ = {
			isa = PBXNativeTarget;
			buildConfigurationList = 5B87A46724A1B7DB00626DCC /* Build configuration list for PBXNativeTarget "7_draw" */;
			buildPhases = (
				5B87A44F24A1B7D900626DCC /* Sources */,
				5B87A45024A1B7D900626DCC /* Frameworks */,
				5B87A45124A1B7D900626DCC /* Resources */,
			);
			buildRules = (
			);
			dependencies = (
			);
			name = 7_draw;
			productName = 7_draw;
			productReference = 5B87A45324A1B7D900626DCC /* 7_draw.app */;
			productType = "com.apple.product-type.application";
		};
/* End PBXNativeTarget section */

/* Begin PBXProject section */
		5B87A44B24A1B7D900626DCC /* Project object */ = {
			isa = PBXProject;
			attributes = {
				LastSwiftUpdateCheck = 1140;
				LastUpgradeCheck = 1140;
				ORGANIZATIONNAME = "Cruz Torres";
				TargetAttributes = {
					5B87A45224A1B7D900626DCC = {
						CreatedOnToolsVersion = 11.4.1;
					};
				};
			};
			buildConfigurationList = 5B87A44E24A1B7D900626DCC /* Build configuration list for PBXProject "7_draw" */;
			compatibilityVersion = "Xcode 9.3";
			developmentRegion = en;
			hasScannedForEncodings = 0;
			knownRegions = (
				en,
				Base,
			);
			mainGroup = 5B87A44A24A1B7D900626DCC;
			productRefGroup = 5B87A45424A1B7D900626DCC /* Products */;
			projectDirPath = "";
			projectRoot = "";
			targets = (
				5B87A45224A1B7D900626DCC /* 7_draw */,
			);
		};
/* End PBXProject section */

/* Begin PBXResourcesBuildPhase section */
		5B87A45124A1B7D900626DCC /* Resources */ = {
			isa = PBXResourcesBuildPhase;
			buildActionMask = 2147483647;
			files = (
				5B87A46324A1B7DB00626DCC /* LaunchScreen.storyboard in Resources */,
				5B87A46024A1B7DB00626DCC /* Preview Assets.xcassets in Resources */,
				5B87A45D24A1B7DB00626DCC /* Assets.xcassets in Resources */,
			);
			runOnlyForDeploymentPostprocessing = 0;
		};
/* End PBXResourcesBuildPhase section */

/* Begin PBXSourcesBuildPhase section */
		5B87A44F24A1B7D900626DCC /* Sources */ = {
			isa = PBXSourcesBuildPhase;
			buildActionMask = 2147483647;
			files = (
				5B87A45724A1B7D900626DCC /* AppDelegate.swift in Sources */,
				5B87A45924A1B7D900626DCC /* SceneDelegate.swift in Sources */,
				5BEA0D4B24A42AE600308D1B /* CurvasView.swift in Sources */,
				5B87A45B24A1B7D900626DCC /* ContentView.swift in Sources */,
				5BEA0D4F24A45E5400308D1B /* ProgressIndicator.swift in Sources */,
				5BEA0D5124A4654E00308D1B /* DougnutView.swift in Sources */,
				5BEA0D4D24A4363800308D1B /* PieView.swift in Sources */,
			);
			runOnlyForDeploymentPostprocessing = 0;
		};
/* End PBXSourcesBuildPhase section */

/* Begin PBXVariantGroup section */
		5B87A46124A1B7DB00626DCC /* LaunchScreen.storyboard */ = {
			isa = PBXVariantGroup;
			children = (
				5B87A46224A1B7DB00626DCC /* Base */,
			);
			name = LaunchScreen.storyboard;
			sourceTree = "<group>";
		};
/* End PBXVariantGroup section */

/* Begin XCBuildConfiguration section */
		5B87A46524A1B7DB00626DCC /* Debug */ = {
			isa = XCBuildConfiguration;
			buildSettings = {
				ALWAYS_SEARCH_USER_PATHS = NO;
				CLANG_ANALYZER_NONNULL = YES;
				CLANG_ANALYZER_NUMBER_OBJECT_CONVERSION = YES_AGGRESSIVE;
				CLANG_CXX_LANGUAGE_STANDARD = "gnu++14";
				CLANG_CXX_LIBRARY = "libc++";
				CLANG_ENABLE_MODULES = YES;
				CLANG_ENABLE_OBJC_ARC = YES;
				CLANG_ENABLE_OBJC_WEAK = YES;
				CLANG_WARN_BLOCK_CAPTURE_AUTORELEASING = YES;
				CLANG_WARN_BOOL_CONVERSION = YES;
				CLANG_WARN_COMMA = YES;
				CLANG_WARN_CONSTANT_CONVERSION = YES;
				CLANG_WARN_DEPRECATED_OBJC_IMPLEMENTATIONS = YES;
				CLANG_WARN_DIRECT_OBJC_ISA_USAGE = YES_ERROR;
				CLANG_WARN_DOCUMENTATION_COMMENTS = YES;
				CLANG_WARN_EMPTY_BODY = YES;
				CLANG_WARN_ENUM_CONVERSION = YES;
				CLANG_WARN_INFINITE_RECURSION = YES;
				CLANG_WARN_INT_CONVERSION = YES;
				CLANG_WARN_NON_LITERAL_NULL_CONVERSION = YES;
				CLANG_WARN_OBJC_IMPLICIT_RETAIN_SELF = YES;
				CLANG_WARN_OBJC_LITERAL_CONVERSION = YES;
				CLANG_WARN_OBJC_ROOT_CLASS = YES_ERROR;
				CLANG_WARN_RANGE_LOOP_ANALYSIS = YES;
				CLANG_WARN_STRICT_PROTOTYPES = YES;
				CLANG_WARN_SUSPICIOUS_MOVE = YES;
				CLANG_WARN_UNGUARDED_AVAILABILITY = YES_AGGRESSIVE;
				CLANG_WARN_UNREACHABLE_CODE = YES;
				CLANG_WARN__DUPLICATE_METHOD_MATCH = YES;
				COPY_PHASE_STRIP = NO;
				DEBUG_INFORMATION_FORMAT = dwarf;
				ENABLE_STRICT_OBJC_MSGSEND = YES;
				ENABLE_TESTABILITY = YES;
				GCC_C_LANGUAGE_STANDARD = gnu11;
				GCC_DYNAMIC_NO_PIC = NO;
				GCC_NO_COMMON_BLOCKS = YES;
				GCC_OPTIMIZATION_LEVEL = 0;
				GCC_PREPROCESSOR_DEFINITIONS = (
					"DEBUG=1",
					"$(inherited)",
				);
				GCC_WARN_64_TO_32_BIT_CONVERSION = YES;
				GCC_WARN_ABOUT_RETURN_TYPE = YES_ERROR;
				GCC_WARN_UNDECLARED_SELECTOR = YES;
				GCC_WARN_UNINITIALIZED_AUTOS = YES_AGGRESSIVE;
				GCC_WARN_UNUSED_FUNCTION = YES;
				GCC_WARN_UNUSED_VARIABLE = YES;
				IPHONEOS_DEPLOYMENT_TARGET = 13.4;
				MTL_ENABLE_DEBUG_INFO = INCLUDE_SOURCE;
				MTL_FAST_MATH = YES;
				ONLY_ACTIVE_ARCH = YES;
				SDKROOT = iphoneos;
				SWIFT_ACTIVE_COMPILATION_CONDITIONS = DEBUG;
				SWIFT_OPTIMIZATION_LEVEL = "-Onone";
			};
			name = Debug;
		};
		5B87A46624A1B7DB00626DCC /* Release */ = {
			isa = XCBuildConfiguration;
			buildSettings = {
				ALWAYS_SEARCH_USER_PATHS = NO;
				CLANG_ANALYZER_NONNULL = YES;
				CLANG_ANALYZER_NUMBER_OBJECT_CONVERSION = YES_AGGRESSIVE;
				CLANG_CXX_LANGUAGE_STANDARD = "gnu++14";
				CLANG_CXX_LIBRARY = "libc++";
				CLANG_ENABLE_MODULES = YES;
				CLANG_ENABLE_OBJC_ARC = YES;
				CLANG_ENABLE_OBJC_WEAK = YES;
				CLANG_WARN_BLOCK_CAPTURE_AUTORELEASING = YES;
				CLANG_WARN_BOOL_CONVERSION = YES;
				CLANG_WARN_COMMA = YES;
				CLANG_WARN_CONSTANT_CONVERSION = YES;
				CLANG_WARN_DEPRECATED_OBJC_IMPLEMENTATIONS = YES;
				CLANG_WARN_DIRECT_OBJC_ISA_USAGE = YES_ERROR;
				CLANG_WARN_DOCUMENTATION_COMMENTS = YES;
				CLANG_WARN_EMPTY_BODY = YES;
				CLANG_WARN_ENUM_CONVERSION = YES;
				CLANG_WARN_INFINITE_RECURSION = YES;
				CLANG_WARN_INT_CONVERSION = YES;
				CLANG_WARN_NON_LITERAL_NULL_CONVERSION = YES;
				CLANG_WARN_OBJC_IMPLICIT_RETAIN_SELF = YES;
				CLANG_WARN_OBJC_LITERAL_CONVERSION = YES;
				CLANG_WARN_OBJC_ROOT_CLASS = YES_ERROR;
				CLANG_WARN_RANGE_LOOP_ANALYSIS = YES;
				CLANG_WARN_STRICT_PROTOTYPES = YES;
				CLANG_WARN_SUSPICIOUS_MOVE = YES;
				CLANG_WARN_UNGUARDED_AVAILABILITY = YES_AGGRESSIVE;
				CLANG_WARN_UNREACHABLE_CODE = YES;
				CLANG_WARN__DUPLICATE_METHOD_MATCH = YES;
				COPY_PHASE_STRIP = NO;
				DEBUG_INFORMATION_FORMAT = "dwarf-with-dsym";
				ENABLE_NS_ASSERTIONS = NO;
				ENABLE_STRICT_OBJC_MSGSEND = YES;
				GCC_C_LANGUAGE_STANDARD = gnu11;
				GCC_NO_COMMON_BLOCKS = YES;
				GCC_WARN_64_TO_32_BIT_CONVERSION = YES;
				GCC_WARN_ABOUT_RETURN_TYPE = YES_ERROR;
				GCC_WARN_UNDECLARED_SELECTOR = YES;
				GCC_WARN_UNINITIALIZED_AUTOS = YES_AGGRESSIVE;
				GCC_WARN_UNUSED_FUNCTION = YES;
				GCC_WARN_UNUSED_VARIABLE = YES;
				IPHONEOS_DEPLOYMENT_TARGET = 13.4;
				MTL_ENABLE_DEBUG_INFO = NO;
				MTL_FAST_MATH = YES;
				SDKROOT = iphoneos;
				SWIFT_COMPILATION_MODE = wholemodule;
				SWIFT_OPTIMIZATION_LEVEL = "-O";
				VALIDATE_PRODUCT = YES;
			};
			name = Release;
		};
		5B87A46824A1B7DB00626DCC /* Debug */ = {
			isa = XCBuildConfiguration;
			buildSettings = {
				ASSETCATALOG_COMPILER_APPICON_NAME = AppIcon;
				CODE_SIGN_STYLE = Automatic;
				DEVELOPMENT_ASSET_PATHS = "\"7_draw/Preview Content\"";
				DEVELOPMENT_TEAM = GA3WT3785W;
				ENABLE_PREVIEWS = YES;
				INFOPLIST_FILE = 7_draw/Info.plist;
				LD_RUNPATH_SEARCH_PATHS = (
					"$(inherited)",
					"@executable_path/Frameworks",
				);
				PRODUCT_BUNDLE_IDENTIFIER = "com.reddixo.--draw";
				PRODUCT_NAME = "$(TARGET_NAME)";
				SWIFT_VERSION = 5.0;
				TARGETED_DEVICE_FAMILY = "1,2";
			};
			name = Debug;
		};
		5B87A46924A1B7DB00626DCC /* Release */ = {
			isa = XCBuildConfiguration;
			buildSettings = {
				ASSETCATALOG_COMPILER_APPICON_NAME = AppIcon;
				CODE_SIGN_STYLE = Automatic;
				DEVELOPMENT_ASSET_PATHS = "\"7_draw/Preview Content\"";
				DEVELOPMENT_TEAM = GA3WT3785W;
				ENABLE_PREVIEWS = YES;
				INFOPLIST_FILE = 7_draw/Info.plist;
				LD_RUNPATH_SEARCH_PATHS = (
					"$(inherited)",
					"@executable_path/Frameworks",
				);
				PRODUCT_BUNDLE_IDENTIFIER = "com.reddixo.--draw";
				PRODUCT_NAME = "$(TARGET_NAME)";
				SWIFT_VERSION = 5.0;
				TARGETED_DEVICE_FAMILY = "1,2";
			};
			name = Release;
		};
/* End XCBuildConfiguration section */

/* Begin XCConfigurationList section */
		5B87A44E24A1B7D900626DCC /* Build configuration list for PBXProject "7_draw" */ = {
			isa = XCConfigurationList;
			buildConfigurations = (
				5B87A46524A1B7DB00626DCC /* Debug */,
				5B87A46624A1B7DB00626DCC /* Release */,
			);
			defaultConfigurationIsVisible = 0;
			defaultConfigurationName = Release;
		};
		5B87A46724A1B7DB00626DCC /* Build configuration list for PBXNativeTarget "7_draw" */ = {
			isa = XCConfigurationList;
			buildConfigurations = (
				5B87A46824A1B7DB00626DCC /* Debug */,
				5B87A46924A1B7DB00626DCC /* Release */,
			);
			defaultConfigurationIsVisible = 0;
			defaultConfigurationName = Release;
		};
/* End XCConfigurationList section */
	};
	rootObject = 5B87A44B24A1B7D900626DCC /* Project object */;
}
