// !$*UTF8*$!
{
	archiveVersion = 1;
	classes = {
	};
	objectVersion = 50;
	objects = {

/* Begin PBXBuildFile section */
		52A6D786266A456000F0AE1E /* AppDelegate.swift in Sources */ = {isa = PBXBuildFile; fileRef = 52A6D785266A456000F0AE1E /* AppDelegate.swift */; };
		52A6D788266A456000F0AE1E /* SceneDelegate.swift in Sources */ = {isa = PBXBuildFile; fileRef = 52A6D787266A456000F0AE1E /* SceneDelegate.swift */; };
		52A6D78C266A456300F0AE1E /* Assets.xcassets in Resources */ = {isa = PBXBuildFile; fileRef = 52A6D78B266A456300F0AE1E /* Assets.xcassets */; };
		52A6D78F266A456300F0AE1E /* Preview Assets.xcassets in Resources */ = {isa = PBXBuildFile; fileRef = 52A6D78E266A456300F0AE1E /* Preview Assets.xcassets */; };
		52A6D792266A456300F0AE1E /* LaunchScreen.storyboard in Resources */ = {isa = PBXBuildFile; fileRef = 52A6D790266A456300F0AE1E /* LaunchScreen.storyboard */; };
		52A6D79A266A460200F0AE1E /* CustomMain.swift in Sources */ = {isa = PBXBuildFile; fileRef = 52A6D799266A460200F0AE1E /* CustomMain.swift */; };
		52A6D79C266A84F100F0AE1E /* CustomList.swift in Sources */ = {isa = PBXBuildFile; fileRef = 52A6D79B266A84F100F0AE1E /* CustomList.swift */; };
		52A6D79E266A888300F0AE1E /* CustomDetails.swift in Sources */ = {isa = PBXBuildFile; fileRef = 52A6D79D266A888300F0AE1E /* CustomDetails.swift */; };
		52A6D7A0266AAE0300F0AE1E /* Inffo.swift in Sources */ = {isa = PBXBuildFile; fileRef = 52A6D79F266AAE0300F0AE1E /* Inffo.swift */; };
/* End PBXBuildFile section */

/* Begin PBXFileReference section */
		52A6D782266A456000F0AE1E /* 12-ModalView.app */ = {isa = PBXFileReference; explicitFileType = wrapper.application; includeInIndex = 0; path = "12-ModalView.app"; sourceTree = BUILT_PRODUCTS_DIR; };
		52A6D785266A456000F0AE1E /* AppDelegate.swift */ = {isa = PBXFileReference; lastKnownFileType = sourcecode.swift; path = AppDelegate.swift; sourceTree = "<group>"; };
		52A6D787266A456000F0AE1E /* SceneDelegate.swift */ = {isa = PBXFileReference; lastKnownFileType = sourcecode.swift; path = SceneDelegate.swift; sourceTree = "<group>"; };
		52A6D78B266A456300F0AE1E /* Assets.xcassets */ = {isa = PBXFileReference; lastKnownFileType = folder.assetcatalog; path = Assets.xcassets; sourceTree = "<group>"; };
		52A6D78E266A456300F0AE1E /* Preview Assets.xcassets */ = {isa = PBXFileReference; lastKnownFileType = folder.assetcatalog; path = "Preview Assets.xcassets"; sourceTree = "<group>"; };
		52A6D791266A456300F0AE1E /* Base */ = {isa = PBXFileReference; lastKnownFileType = file.storyboard; name = Base; path = Base.lproj/LaunchScreen.storyboard; sourceTree = "<group>"; };
		52A6D793266A456300F0AE1E /* Info.plist */ = {isa = PBXFileReference; lastKnownFileType = text.plist.xml; path = Info.plist; sourceTree = "<group>"; };
		52A6D799266A460200F0AE1E /* CustomMain.swift */ = {isa = PBXFileReference; lastKnownFileType = sourcecode.swift; path = CustomMain.swift; sourceTree = "<group>"; };
		52A6D79B266A84F100F0AE1E /* CustomList.swift */ = {isa = PBXFileReference; lastKnownFileType = sourcecode.swift; path = CustomList.swift; sourceTree = "<group>"; };
		52A6D79D266A888300F0AE1E /* CustomDetails.swift */ = {isa = PBXFileReference; lastKnownFileType = sourcecode.swift; path = CustomDetails.swift; sourceTree = "<group>"; };
		52A6D79F266AAE0300F0AE1E /* Inffo.swift */ = {isa = PBXFileReference; lastKnownFileType = sourcecode.swift; path = Inffo.swift; sourceTree = "<group>"; };
/* End PBXFileReference section */

/* Begin PBXFrameworksBuildPhase section */
		52A6D77F266A456000F0AE1E /* Frameworks */ = {
			isa = PBXFrameworksBuildPhase;
			buildActionMask = 2147483647;
			files = (
			);
			runOnlyForDeploymentPostprocessing = 0;
		};
/* End PBXFrameworksBuildPhase section */

/* Begin PBXGroup section */
		52A6D779266A456000F0AE1E = {
			isa = PBXGroup;
			children = (
				52A6D784266A456000F0AE1E /* 12-ModalView */,
				52A6D783266A456000F0AE1E /* Products */,
			);
			sourceTree = "<group>";
		};
		52A6D783266A456000F0AE1E /* Products */ = {
			isa = PBXGroup;
			children = (
				52A6D782266A456000F0AE1E /* 12-ModalView.app */,
			);
			name = Products;
			sourceTree = "<group>";
		};
		52A6D784266A456000F0AE1E /* 12-ModalView */ = {
			isa = PBXGroup;
			children = (
				52A6D785266A456000F0AE1E /* AppDelegate.swift */,
				52A6D787266A456000F0AE1E /* SceneDelegate.swift */,
				52A6D799266A460200F0AE1E /* CustomMain.swift */,
				52A6D79B266A84F100F0AE1E /* CustomList.swift */,
				52A6D79D266A888300F0AE1E /* CustomDetails.swift */,
				52A6D78B266A456300F0AE1E /* Assets.xcassets */,
				52A6D790266A456300F0AE1E /* LaunchScreen.storyboard */,
				52A6D793266A456300F0AE1E /* Info.plist */,
				52A6D78D266A456300F0AE1E /* Preview Content */,
				52A6D79F266AAE0300F0AE1E /* Inffo.swift */,
			);
			path = "12-ModalView";
			sourceTree = "<group>";
		};
		52A6D78D266A456300F0AE1E /* Preview Content */ = {
			isa = PBXGroup;
			children = (
				52A6D78E266A456300F0AE1E /* Preview Assets.xcassets */,
			);
			path = "Preview Content";
			sourceTree = "<group>";
		};
/* End PBXGroup section */

/* Begin PBXNativeTarget section */
		52A6D781266A456000F0AE1E /* 12-ModalView */ = {
			isa = PBXNativeTarget;
			buildConfigurationList = 52A6D796266A456300F0AE1E /* Build configuration list for PBXNativeTarget "12-ModalView" */;
			buildPhases = (
				52A6D77E266A456000F0AE1E /* Sources */,
				52A6D77F266A456000F0AE1E /* Frameworks */,
				52A6D780266A456000F0AE1E /* Resources */,
			);
			buildRules = (
			);
			dependencies = (
			);
			name = "12-ModalView";
			productName = "12-ModalView";
			productReference = 52A6D782266A456000F0AE1E /* 12-ModalView.app */;
			productType = "com.apple.product-type.application";
		};
/* End PBXNativeTarget section */

/* Begin PBXProject section */
		52A6D77A266A456000F0AE1E /* Project object */ = {
			isa = PBXProject;
			attributes = {
				LastSwiftUpdateCheck = 1170;
				LastUpgradeCheck = 1170;
				ORGANIZATIONNAME = "Cruz Torres";
				TargetAttributes = {
					52A6D781266A456000F0AE1E = {
						CreatedOnToolsVersion = 11.7;
					};
				};
			};
			buildConfigurationList = 52A6D77D266A456000F0AE1E /* Build configuration list for PBXProject "12-ModalView" */;
			compatibilityVersion = "Xcode 9.3";
			developmentRegion = en;
			hasScannedForEncodings = 0;
			knownRegions = (
				en,
				Base,
			);
			mainGroup = 52A6D779266A456000F0AE1E;
			productRefGroup = 52A6D783266A456000F0AE1E /* Products */;
			projectDirPath = "";
			projectRoot = "";
			targets = (
				52A6D781266A456000F0AE1E /* 12-ModalView */,
			);
		};
/* End PBXProject section */

/* Begin PBXResourcesBuildPhase section */
		52A6D780266A456000F0AE1E /* Resources */ = {
			isa = PBXResourcesBuildPhase;
			buildActionMask = 2147483647;
			files = (
				52A6D792266A456300F0AE1E /* LaunchScreen.storyboard in Resources */,
				52A6D78F266A456300F0AE1E /* Preview Assets.xcassets in Resources */,
				52A6D78C266A456300F0AE1E /* Assets.xcassets in Resources */,
			);
			runOnlyForDeploymentPostprocessing = 0;
		};
/* End PBXResourcesBuildPhase section */

/* Begin PBXSourcesBuildPhase section */
		52A6D77E266A456000F0AE1E /* Sources */ = {
			isa = PBXSourcesBuildPhase;
			buildActionMask = 2147483647;
			files = (
				52A6D79E266A888300F0AE1E /* CustomDetails.swift in Sources */,
				52A6D786266A456000F0AE1E /* AppDelegate.swift in Sources */,
				52A6D7A0266AAE0300F0AE1E /* Inffo.swift in Sources */,
				52A6D79A266A460200F0AE1E /* CustomMain.swift in Sources */,
				52A6D79C266A84F100F0AE1E /* CustomList.swift in Sources */,
				52A6D788266A456000F0AE1E /* SceneDelegate.swift in Sources */,
			);
			runOnlyForDeploymentPostprocessing = 0;
		};
/* End PBXSourcesBuildPhase section */

/* Begin PBXVariantGroup section */
		52A6D790266A456300F0AE1E /* LaunchScreen.storyboard */ = {
			isa = PBXVariantGroup;
			children = (
				52A6D791266A456300F0AE1E /* Base */,
			);
			name = LaunchScreen.storyboard;
			sourceTree = "<group>";
		};
/* End PBXVariantGroup section */

/* Begin XCBuildConfiguration section */
		52A6D794266A456300F0AE1E /* Debug */ = {
			isa = XCBuildConfiguration;
			buildSettings = {
				ALWAYS_SEARCH_USER_PATHS = NO;
				CLANG_ANALYZER_NONNULL = YES;
				CLANG_ANALYZER_NUMBER_OBJECT_CONVERSION = YES_AGGRESSIVE;
				CLANG_CXX_LANGUAGE_STANDARD = "gnu++14";
				CLANG_CXX_LIBRARY = "libc++";
				CLANG_ENABLE_MODULES = YES;
				CLANG_ENABLE_OBJC_ARC = YES;
				CLANG_ENABLE_OBJC_WEAK = YES;
				CLANG_WARN_BLOCK_CAPTURE_AUTORELEASING = YES;
				CLANG_WARN_BOOL_CONVERSION = YES;
				CLANG_WARN_COMMA = YES;
				CLANG_WARN_CONSTANT_CONVERSION = YES;
				CLANG_WARN_DEPRECATED_OBJC_IMPLEMENTATIONS = YES;
				CLANG_WARN_DIRECT_OBJC_ISA_USAGE = YES_ERROR;
				CLANG_WARN_DOCUMENTATION_COMMENTS = YES;
				CLANG_WARN_EMPTY_BODY = YES;
				CLANG_WARN_ENUM_CONVERSION = YES;
				CLANG_WARN_INFINITE_RECURSION = YES;
				CLANG_WARN_INT_CONVERSION = YES;
				CLANG_WARN_NON_LITERAL_NULL_CONVERSION = YES;
				CLANG_WARN_OBJC_IMPLICIT_RETAIN_SELF = YES;
				CLANG_WARN_OBJC_LITERAL_CONVERSION = YES;
				CLANG_WARN_OBJC_ROOT_CLASS = YES_ERROR;
				CLANG_WARN_RANGE_LOOP_ANALYSIS = YES;
				CLANG_WARN_STRICT_PROTOTYPES = YES;
				CLANG_WARN_SUSPICIOUS_MOVE = YES;
				CLANG_WARN_UNGUARDED_AVAILABILITY = YES_AGGRESSIVE;
				CLANG_WARN_UNREACHABLE_CODE = YES;
				CLANG_WARN__DUPLICATE_METHOD_MATCH = YES;
				COPY_PHASE_STRIP = NO;
				DEBUG_INFORMATION_FORMAT = dwarf;
				ENABLE_STRICT_OBJC_MSGSEND = YES;
				ENABLE_TESTABILITY = YES;
				GCC_C_LANGUAGE_STANDARD = gnu11;
				GCC_DYNAMIC_NO_PIC = NO;
				GCC_NO_COMMON_BLOCKS = YES;
				GCC_OPTIMIZATION_LEVEL = 0;
				GCC_PREPROCESSOR_DEFINITIONS = (
					"DEBUG=1",
					"$(inherited)",
				);
				GCC_WARN_64_TO_32_BIT_CONVERSION = YES;
				GCC_WARN_ABOUT_RETURN_TYPE = YES_ERROR;
				GCC_WARN_UNDECLARED_SELECTOR = YES;
				GCC_WARN_UNINITIALIZED_AUTOS = YES_AGGRESSIVE;
				GCC_WARN_UNUSED_FUNCTION = YES;
				GCC_WARN_UNUSED_VARIABLE = YES;
				IPHONEOS_DEPLOYMENT_TARGET = 13.7;
				MTL_ENABLE_DEBUG_INFO = INCLUDE_SOURCE;
				MTL_FAST_MATH = YES;
				ONLY_ACTIVE_ARCH = YES;
				SDKROOT = iphoneos;
				SWIFT_ACTIVE_COMPILATION_CONDITIONS = DEBUG;
				SWIFT_OPTIMIZATION_LEVEL = "-Onone";
			};
			name = Debug;
		};
		52A6D795266A456300F0AE1E /* Release */ = {
			isa = XCBuildConfiguration;
			buildSettings = {
				ALWAYS_SEARCH_USER_PATHS = NO;
				CLANG_ANALYZER_NONNULL = YES;
				CLANG_ANALYZER_NUMBER_OBJECT_CONVERSION = YES_AGGRESSIVE;
				CLANG_CXX_LANGUAGE_STANDARD = "gnu++14";
				CLANG_CXX_LIBRARY = "libc++";
				CLANG_ENABLE_MODULES = YES;
				CLANG_ENABLE_OBJC_ARC = YES;
				CLANG_ENABLE_OBJC_WEAK = YES;
				CLANG_WARN_BLOCK_CAPTURE_AUTORELEASING = YES;
				CLANG_WARN_BOOL_CONVERSION = YES;
				CLANG_WARN_COMMA = YES;
				CLANG_WARN_CONSTANT_CONVERSION = YES;
				CLANG_WARN_DEPRECATED_OBJC_IMPLEMENTATIONS = YES;
				CLANG_WARN_DIRECT_OBJC_ISA_USAGE = YES_ERROR;
				CLANG_WARN_DOCUMENTATION_COMMENTS = YES;
				CLANG_WARN_EMPTY_BODY = YES;
				CLANG_WARN_ENUM_CONVERSION = YES;
				CLANG_WARN_INFINITE_RECURSION = YES;
				CLANG_WARN_INT_CONVERSION = YES;
				CLANG_WARN_NON_LITERAL_NULL_CONVERSION = YES;
				CLANG_WARN_OBJC_IMPLICIT_RETAIN_SELF = YES;
				CLANG_WARN_OBJC_LITERAL_CONVERSION = YES;
				CLANG_WARN_OBJC_ROOT_CLASS = YES_ERROR;
				CLANG_WARN_RANGE_LOOP_ANALYSIS = YES;
				CLANG_WARN_STRICT_PROTOTYPES = YES;
				CLANG_WARN_SUSPICIOUS_MOVE = YES;
				CLANG_WARN_UNGUARDED_AVAILABILITY = YES_AGGRESSIVE;
				CLANG_WARN_UNREACHABLE_CODE = YES;
				CLANG_WARN__DUPLICATE_METHOD_MATCH = YES;
				COPY_PHASE_STRIP = NO;
				DEBUG_INFORMATION_FORMAT = "dwarf-with-dsym";
				ENABLE_NS_ASSERTIONS = NO;
				ENABLE_STRICT_OBJC_MSGSEND = YES;
				GCC_C_LANGUAGE_STANDARD = gnu11;
				GCC_NO_COMMON_BLOCKS = YES;
				GCC_WARN_64_TO_32_BIT_CONVERSION = YES;
				GCC_WARN_ABOUT_RETURN_TYPE = YES_ERROR;
				GCC_WARN_UNDECLARED_SELECTOR = YES;
				GCC_WARN_UNINITIALIZED_AUTOS = YES_AGGRESSIVE;
				GCC_WARN_UNUSED_FUNCTION = YES;
				GCC_WARN_UNUSED_VARIABLE = YES;
				IPHONEOS_DEPLOYMENT_TARGET = 13.7;
				MTL_ENABLE_DEBUG_INFO = NO;
				MTL_FAST_MATH = YES;
				SDKROOT = iphoneos;
				SWIFT_COMPILATION_MODE = wholemodule;
				SWIFT_OPTIMIZATION_LEVEL = "-O";
				VALIDATE_PRODUCT = YES;
			};
			name = Release;
		};
		52A6D797266A456300F0AE1E /* Debug */ = {
			isa = XCBuildConfiguration;
			buildSettings = {
				ASSETCATALOG_COMPILER_APPICON_NAME = AppIcon;
				CODE_SIGN_STYLE = Automatic;
				DEVELOPMENT_ASSET_PATHS = "\"12-ModalView/Preview Content\"";
				DEVELOPMENT_TEAM = GA3WT3785W;
				ENABLE_PREVIEWS = YES;
				INFOPLIST_FILE = "12-ModalView/Info.plist";
				LD_RUNPATH_SEARCH_PATHS = (
					"$(inherited)",
					"@executable_path/Frameworks",
				);
				PRODUCT_BUNDLE_IDENTIFIER = "com.reddixo.-2-ModalView";
				PRODUCT_NAME = "$(TARGET_NAME)";
				SWIFT_VERSION = 5.0;
				TARGETED_DEVICE_FAMILY = "1,2";
			};
			name = Debug;
		};
		52A6D798266A456300F0AE1E /* Release */ = {
			isa = XCBuildConfiguration;
			buildSettings = {
				ASSETCATALOG_COMPILER_APPICON_NAME = AppIcon;
				CODE_SIGN_STYLE = Automatic;
				DEVELOPMENT_ASSET_PATHS = "\"12-ModalView/Preview Content\"";
				DEVELOPMENT_TEAM = GA3WT3785W;
				ENABLE_PREVIEWS = YES;
				INFOPLIST_FILE = "12-ModalView/Info.plist";
				LD_RUNPATH_SEARCH_PATHS = (
					"$(inherited)",
					"@executable_path/Frameworks",
				);
				PRODUCT_BUNDLE_IDENTIFIER = "com.reddixo.-2-ModalView";
				PRODUCT_NAME = "$(TARGET_NAME)";
				SWIFT_VERSION = 5.0;
				TARGETED_DEVICE_FAMILY = "1,2";
			};
			name = Release;
		};
/* End XCBuildConfiguration section */

/* Begin XCConfigurationList section */
		52A6D77D266A456000F0AE1E /* Build configuration list for PBXProject "12-ModalView" */ = {
			isa = XCConfigurationList;
			buildConfigurations = (
				52A6D794266A456300F0AE1E /* Debug */,
				52A6D795266A456300F0AE1E /* Release */,
			);
			defaultConfigurationIsVisible = 0;
			defaultConfigurationName = Release;
		};
		52A6D796266A456300F0AE1E /* Build configuration list for PBXNativeTarget "12-ModalView" */ = {
			isa = XCConfigurationList;
			buildConfigurations = (
				52A6D797266A456300F0AE1E /* Debug */,
				52A6D798266A456300F0AE1E /* Release */,
			);
			defaultConfigurationIsVisible = 0;
			defaultConfigurationName = Release;
		};
/* End XCConfigurationList section */
	};
	rootObject = 52A6D77A266A456000F0AE1E /* Project object */;
}
